
Microsoft Visual Studio Solution File, Format Version 11.00
# Visual Studio 2010
Project("{8BC9CEB8-8B4A-11D0-8D11-00A0C91BC942}") = "MACAddressChanger", "MACAddressChanger\MACAddressChanger.vcxproj", "{A51D4B8F-0D5F-46B4-AAAB-1E7AF680E5AD}"
EndProject
Global
	GlobalSection(SolutionConfigurationPlatforms) = preSolution
		Debug|Win32 = Debug|Win32
		Release|Win32 = Release|Win32
	EndGlobalSection
	GlobalSection(ProjectConfigurationPlatforms) = postSolution
		{A51D4B8F-0D5F-46B4-AAAB-1E7AF680E5AD}.Debug|Win32.ActiveCfg = Debug|Win32
		{A51D4B8F-0D5F-46B4-AAAB-1E7AF680E5AD}.Debug|Win32.Build.0 = Debug|Win32
		{A51D4B8F-0D5F-46B4-AAAB-1E7AF680E5AD}.Release|Win32.ActiveCfg = Release|Win32
		{A51D4B8F-0D5F-46B4-AAAB-1E7AF680E5AD}.Release|Win32.Build.0 = Release|Win32
	EndGlobalSection
	GlobalSection(SolutionProperties) = preSolution
		HideSolutionNode = FALSE
	EndGlobalSection
EndGlobal
